// !$*UTF8*$!
{
	archiveVersion = 1;
	classes = {
	};
	objectVersion = 56;
	objects = {

/* Begin PBXBuildFile section */
		3627A5F22AD59BBA009D3CE0 /* AppDelegate.swift in Sources */ = {isa = PBXBuildFile; fileRef = 3627A5F12AD59BBA009D3CE0 /* AppDelegate.swift */; };
		3627A5F42AD59BBA009D3CE0 /* SceneDelegate.swift in Sources */ = {isa = PBXBuildFile; fileRef = 3627A5F32AD59BBA009D3CE0 /* SceneDelegate.swift */; };
		3627A5F62AD59BBA009D3CE0 /* ViewController.swift in Sources */ = {isa = PBXBuildFile; fileRef = 3627A5F52AD59BBA009D3CE0 /* ViewController.swift */; };
		3627A5F92AD59BBA009D3CE0 /* Main.storyboard in Resources */ = {isa = PBXBuildFile; fileRef = 3627A5F72AD59BBA009D3CE0 /* Main.storyboard */; };
		3627A5FB2AD59BC0009D3CE0 /* Assets.xcassets in Resources */ = {isa = PBXBuildFile; fileRef = 3627A5FA2AD59BC0009D3CE0 /* Assets.xcassets */; };
		3627A5FE2AD59BC0009D3CE0 /* LaunchScreen.storyboard in Resources */ = {isa = PBXBuildFile; fileRef = 3627A5FC2AD59BC0009D3CE0 /* LaunchScreen.storyboard */; };
		3627A6092AD59BC0009D3CE0 /* bmi_calculatorTests.swift in Sources */ = {isa = PBXBuildFile; fileRef = 3627A6082AD59BC0009D3CE0 /* bmi_calculatorTests.swift */; };
		3627A6132AD59BC1009D3CE0 /* bmi_calculatorUITests.swift in Sources */ = {isa = PBXBuildFile; fileRef = 3627A6122AD59BC1009D3CE0 /* bmi_calculatorUITests.swift */; };
		3627A6152AD59BC1009D3CE0 /* bmi_calculatorUITestsLaunchTests.swift in Sources */ = {isa = PBXBuildFile; fileRef = 3627A6142AD59BC1009D3CE0 /* bmi_calculatorUITestsLaunchTests.swift */; };
/* End PBXBuildFile section */

/* Begin PBXContainerItemProxy section */
		3627A6052AD59BC0009D3CE0 /* PBXContainerItemProxy */ = {
			isa = PBXContainerItemProxy;
			containerPortal = 3627A5E62AD59BBA009D3CE0 /* Project object */;
			proxyType = 1;
			remoteGlobalIDString = 3627A5ED2AD59BBA009D3CE0;
			remoteInfo = "bmi calculator";
		};
		3627A60F2AD59BC1009D3CE0 /* PBXContainerItemProxy */ = {
			isa = PBXContainerItemProxy;
			containerPortal = 3627A5E62AD59BBA009D3CE0 /* Project object */;
			proxyType = 1;
			remoteGlobalIDString = 3627A5ED2AD59BBA009D3CE0;
			remoteInfo = "bmi calculator";
		};
/* End PBXContainerItemProxy section */

/* Begin PBXFileReference section */
		3627A5EE2AD59BBA009D3CE0 /* bmi calculator.app */ = {isa = PBXFileReference; explicitFileType = wrapper.application; includeInIndex = 0; path = "bmi calculator.app"; sourceTree = BUILT_PRODUCTS_DIR; };
		3627A5F12AD59BBA009D3CE0 /* AppDelegate.swift */ = {isa = PBXFileReference; lastKnownFileType = sourcecode.swift; path = AppDelegate.swift; sourceTree = "<group>"; };
		3627A5F32AD59BBA009D3CE0 /* SceneDelegate.swift */ = {isa = PBXFileReference; lastKnownFileType = sourcecode.swift; path = SceneDelegate.swift; sourceTree = "<group>"; };
		3627A5F52AD59BBA009D3CE0 /* ViewController.swift */ = {isa = PBXFileReference; lastKnownFileType = sourcecode.swift; path = ViewController.swift; sourceTree = "<group>"; };
		3627A5F82AD59BBA009D3CE0 /* Base */ = {isa = PBXFileReference; lastKnownFileType = file.storyboard; name = Base; path = Base.lproj/Main.storyboard; sourceTree = "<group>"; };
		3627A5FA2AD59BC0009D3CE0 /* Assets.xcassets */ = {isa = PBXFileReference; lastKnownFileType = folder.assetcatalog; path = Assets.xcassets; sourceTree = "<group>"; };
		3627A5FD2AD59BC0009D3CE0 /* Base */ = {isa = PBXFileReference; lastKnownFileType = file.storyboard; name = Base; path = Base.lproj/LaunchScreen.storyboard; sourceTree = "<group>"; };
		3627A5FF2AD59BC0009D3CE0 /* Info.plist */ = {isa = PBXFileReference; lastKnownFileType = text.plist.xml; path = Info.plist; sourceTree = "<group>"; };
		3627A6042AD59BC0009D3CE0 /* bmi calculatorTests.xctest */ = {isa = PBXFileReference; explicitFileType = wrapper.cfbundle; includeInIndex = 0; path = "bmi calculatorTests.xctest"; sourceTree = BUILT_PRODUCTS_DIR; };
		3627A6082AD59BC0009D3CE0 /* bmi_calculatorTests.swift */ = {isa = PBXFileReference; lastKnownFileType = sourcecode.swift; path = bmi_calculatorTests.swift; sourceTree = "<group>"; };
		3627A60E2AD59BC1009D3CE0 /* bmi calculatorUITests.xctest */ = {isa = PBXFileReference; explicitFileType = wrapper.cfbundle; includeInIndex = 0; path = "bmi calculatorUITests.xctest"; sourceTree = BUILT_PRODUCTS_DIR; };
		3627A6122AD59BC1009D3CE0 /* bmi_calculatorUITests.swift */ = {isa = PBXFileReference; lastKnownFileType = sourcecode.swift; path = bmi_calculatorUITests.swift; sourceTree = "<group>"; };
		3627A6142AD59BC1009D3CE0 /* bmi_calculatorUITestsLaunchTests.swift */ = {isa = PBXFileReference; lastKnownFileType = sourcecode.swift; path = bmi_calculatorUITestsLaunchTests.swift; sourceTree = "<group>"; };
/* End PBXFileReference section */

/* Begin PBXFrameworksBuildPhase section */
		3627A5EB2AD59BBA009D3CE0 /* Frameworks */ = {
			isa = PBXFrameworksBuildPhase;
			buildActionMask = 2147483647;
			files = (
			);
			runOnlyForDeploymentPostprocessing = 0;
		};
		3627A6012AD59BC0009D3CE0 /* Frameworks */ = {
			isa = PBXFrameworksBuildPhase;
			buildActionMask = 2147483647;
			files = (
			);
			runOnlyForDeploymentPostprocessing = 0;
		};
		3627A60B2AD59BC1009D3CE0 /* Frameworks */ = {
			isa = PBXFrameworksBuildPhase;
			buildActionMask = 2147483647;
			files = (
			);
			runOnlyForDeploymentPostprocessing = 0;
		};
/* End PBXFrameworksBuildPhase section */

/* Begin PBXGroup section */
		3627A5E52AD59BBA009D3CE0 = {
			isa = PBXGroup;
			children = (
				3627A5F02AD59BBA009D3CE0 /* bmi calculator */,
				3627A6072AD59BC0009D3CE0 /* bmi calculatorTests */,
				3627A6112AD59BC1009D3CE0 /* bmi calculatorUITests */,
				3627A5EF2AD59BBA009D3CE0 /* Products */,
			);
			sourceTree = "<group>";
		};
		3627A5EF2AD59BBA009D3CE0 /* Products */ = {
			isa = PBXGroup;
			children = (
				3627A5EE2AD59BBA009D3CE0 /* bmi calculator.app */,
				3627A6042AD59BC0009D3CE0 /* bmi calculatorTests.xctest */,
				3627A60E2AD59BC1009D3CE0 /* bmi calculatorUITests.xctest */,
			);
			name = Products;
			sourceTree = "<group>";
		};
		3627A5F02AD59BBA009D3CE0 /* bmi calculator */ = {
			isa = PBXGroup;
			children = (
				3627A5F12AD59BBA009D3CE0 /* AppDelegate.swift */,
				3627A5F32AD59BBA009D3CE0 /* SceneDelegate.swift */,
				3627A5F52AD59BBA009D3CE0 /* ViewController.swift */,
				3627A5F72AD59BBA009D3CE0 /* Main.storyboard */,
				3627A5FA2AD59BC0009D3CE0 /* Assets.xcassets */,
				3627A5FC2AD59BC0009D3CE0 /* LaunchScreen.storyboard */,
				3627A5FF2AD59BC0009D3CE0 /* Info.plist */,
			);
			path = "bmi calculator";
			sourceTree = "<group>";
		};
		3627A6072AD59BC0009D3CE0 /* bmi calculatorTests */ = {
			isa = PBXGroup;
			children = (
				3627A6082AD59BC0009D3CE0 /* bmi_calculatorTests.swift */,
			);
			path = "bmi calculatorTests";
			sourceTree = "<group>";
		};
		3627A6112AD59BC1009D3CE0 /* bmi calculatorUITests */ = {
			isa = PBXGroup;
			children = (
				3627A6122AD59BC1009D3CE0 /* bmi_calculatorUITests.swift */,
				3627A6142AD59BC1009D3CE0 /* bmi_calculatorUITestsLaunchTests.swift */,
			);
			path = "bmi calculatorUITests";
			sourceTree = "<group>";
		};
/* End PBXGroup section */

/* Begin PBXNativeTarget section */
		3627A5ED2AD59BBA009D3CE0 /* bmi calculator */ = {
			isa = PBXNativeTarget;
			buildConfigurationList = 3627A6182AD59BC1009D3CE0 /* Build configuration list for PBXNativeTarget "bmi calculator" */;
			buildPhases = (
				3627A5EA2AD59BBA009D3CE0 /* Sources */,
				3627A5EB2AD59BBA009D3CE0 /* Frameworks */,
				3627A5EC2AD59BBA009D3CE0 /* Resources */,
			);
			buildRules = (
			);
			dependencies = (
			);
			name = "bmi calculator";
			productName = "bmi calculator";
			productReference = 3627A5EE2AD59BBA009D3CE0 /* bmi calculator.app */;
			productType = "com.apple.product-type.application";
		};
		3627A6032AD59BC0009D3CE0 /* bmi calculatorTests */ = {
			isa = PBXNativeTarget;
			buildConfigurationList = 3627A61B2AD59BC1009D3CE0 /* Build configuration list for PBXNativeTarget "bmi calculatorTests" */;
			buildPhases = (
				3627A6002AD59BC0009D3CE0 /* Sources */,
				3627A6012AD59BC0009D3CE0 /* Frameworks */,
				3627A6022AD59BC0009D3CE0 /* Resources */,
			);
			buildRules = (
			);
			dependencies = (
				3627A6062AD59BC0009D3CE0 /* PBXTargetDependency */,
			);
			name = "bmi calculatorTests";
			productName = "bmi calculatorTests";
			productReference = 3627A6042AD59BC0009D3CE0 /* bmi calculatorTests.xctest */;
			productType = "com.apple.product-type.bundle.unit-test";
		};
		3627A60D2AD59BC1009D3CE0 /* bmi calculatorUITests */ = {
			isa = PBXNativeTarget;
			buildConfigurationList = 3627A61E2AD59BC1009D3CE0 /* Build configuration list for PBXNativeTarget "bmi calculatorUITests" */;
			buildPhases = (
				3627A60A2AD59BC1009D3CE0 /* Sources */,
				3627A60B2AD59BC1009D3CE0 /* Frameworks */,
				3627A60C2AD59BC1009D3CE0 /* Resources */,
			);
			buildRules = (
			);
			dependencies = (
				3627A6102AD59BC1009D3CE0 /* PBXTargetDependency */,
			);
			name = "bmi calculatorUITests";
			productName = "bmi calculatorUITests";
			productReference = 3627A60E2AD59BC1009D3CE0 /* bmi calculatorUITests.xctest */;
			productType = "com.apple.product-type.bundle.ui-testing";
		};
/* End PBXNativeTarget section */

/* Begin PBXProject section */
		3627A5E62AD59BBA009D3CE0 /* Project object */ = {
			isa = PBXProject;
			attributes = {
				BuildIndependentTargetsInParallel = 1;
				LastSwiftUpdateCheck = 1500;
				LastUpgradeCheck = 1500;
				TargetAttributes = {
					3627A5ED2AD59BBA009D3CE0 = {
						CreatedOnToolsVersion = 15.0;
					};
					3627A6032AD59BC0009D3CE0 = {
						CreatedOnToolsVersion = 15.0;
						TestTargetID = 3627A5ED2AD59BBA009D3CE0;
					};
					3627A60D2AD59BC1009D3CE0 = {
						CreatedOnToolsVersion = 15.0;
						TestTargetID = 3627A5ED2AD59BBA009D3CE0;
					};
				};
			};
			buildConfigurationList = 3627A5E92AD59BBA009D3CE0 /* Build configuration list for PBXProject "bmi calculator" */;
			compatibilityVersion = "Xcode 14.0";
			developmentRegion = en;
			hasScannedForEncodings = 0;
			knownRegions = (
				en,
				Base,
			);
			mainGroup = 3627A5E52AD59BBA009D3CE0;
			productRefGroup = 3627A5EF2AD59BBA009D3CE0 /* Products */;
			projectDirPath = "";
			projectRoot = "";
			targets = (
				3627A5ED2AD59BBA009D3CE0 /* bmi calculator */,
				3627A6032AD59BC0009D3CE0 /* bmi calculatorTests */,
				3627A60D2AD59BC1009D3CE0 /* bmi calculatorUITests */,
			);
		};
/* End PBXProject section */

/* Begin PBXResourcesBuildPhase section */
		3627A5EC2AD59BBA009D3CE0 /* Resources */ = {
			isa = PBXResourcesBuildPhase;
			buildActionMask = 2147483647;
			files = (
				3627A5FE2AD59BC0009D3CE0 /* LaunchScreen.storyboard in Resources */,
				3627A5FB2AD59BC0009D3CE0 /* Assets.xcassets in Resources */,
				3627A5F92AD59BBA009D3CE0 /* Main.storyboard in Resources */,
			);
			runOnlyForDeploymentPostprocessing = 0;
		};
		3627A6022AD59BC0009D3CE0 /* Resources */ = {
			isa = PBXResourcesBuildPhase;
			buildActionMask = 2147483647;
			files = (
			);
			runOnlyForDeploymentPostprocessing = 0;
		};
		3627A60C2AD59BC1009D3CE0 /* Resources */ = {
			isa = PBXResourcesBuildPhase;
			buildActionMask = 2147483647;
			files = (
			);
			runOnlyForDeploymentPostprocessing = 0;
		};
/* End PBXResourcesBuildPhase section */

/* Begin PBXSourcesBuildPhase section */
		3627A5EA2AD59BBA009D3CE0 /* Sources */ = {
			isa = PBXSourcesBuildPhase;
			buildActionMask = 2147483647;
			files = (
				3627A5F62AD59BBA009D3CE0 /* ViewController.swift in Sources */,
				3627A5F22AD59BBA009D3CE0 /* AppDelegate.swift in Sources */,
				3627A5F42AD59BBA009D3CE0 /* SceneDelegate.swift in Sources */,
			);
			runOnlyForDeploymentPostprocessing = 0;
		};
		3627A6002AD59BC0009D3CE0 /* Sources */ = {
			isa = PBXSourcesBuildPhase;
			buildActionMask = 2147483647;
			files = (
				3627A6092AD59BC0009D3CE0 /* bmi_calculatorTests.swift in Sources */,
			);
			runOnlyForDeploymentPostprocessing = 0;
		};
		3627A60A2AD59BC1009D3CE0 /* Sources */ = {
			isa = PBXSourcesBuildPhase;
			buildActionMask = 2147483647;
			files = (
				3627A6132AD59BC1009D3CE0 /* bmi_calculatorUITests.swift in Sources */,
				3627A6152AD59BC1009D3CE0 /* bmi_calculatorUITestsLaunchTests.swift in Sources */,
			);
			runOnlyForDeploymentPostprocessing = 0;
		};
/* End PBXSourcesBuildPhase section */

/* Begin PBXTargetDependency section */
		3627A6062AD59BC0009D3CE0 /* PBXTargetDependency */ = {
			isa = PBXTargetDependency;
			target = 3627A5ED2AD59BBA009D3CE0 /* bmi calculator */;
			targetProxy = 3627A6052AD59BC0009D3CE0 /* PBXContainerItemProxy */;
		};
		3627A6102AD59BC1009D3CE0 /* PBXTargetDependency */ = {
			isa = PBXTargetDependency;
			target = 3627A5ED2AD59BBA009D3CE0 /* bmi calculator */;
			targetProxy = 3627A60F2AD59BC1009D3CE0 /* PBXContainerItemProxy */;
		};
/* End PBXTargetDependency section */

/* Begin PBXVariantGroup section */
		3627A5F72AD59BBA009D3CE0 /* Main.storyboard */ = {
			isa = PBXVariantGroup;
			children = (
				3627A5F82AD59BBA009D3CE0 /* Base */,
			);
			name = Main.storyboard;
			sourceTree = "<group>";
		};
		3627A5FC2AD59BC0009D3CE0 /* LaunchScreen.storyboard */ = {
			isa = PBXVariantGroup;
			children = (
				3627A5FD2AD59BC0009D3CE0 /* Base */,
			);
			name = LaunchScreen.storyboard;
			sourceTree = "<group>";
		};
/* End PBXVariantGroup section */

/* Begin XCBuildConfiguration section */
		3627A6162AD59BC1009D3CE0 /* Debug */ = {
			isa = XCBuildConfiguration;
			buildSettings = {
				ALWAYS_SEARCH_USER_PATHS = NO;
				ASSETCATALOG_COMPILER_GENERATE_SWIFT_ASSET_SYMBOL_EXTENSIONS = YES;
				CLANG_ANALYZER_NONNULL = YES;
				CLANG_ANALYZER_NUMBER_OBJECT_CONVERSION = YES_AGGRESSIVE;
				CLANG_CXX_LANGUAGE_STANDARD = "gnu++20";
				CLANG_ENABLE_MODULES = YES;
				CLANG_ENABLE_OBJC_ARC = YES;
				CLANG_ENABLE_OBJC_WEAK = YES;
				CLANG_WARN_BLOCK_CAPTURE_AUTORELEASING = YES;
				CLANG_WARN_BOOL_CONVERSION = YES;
				CLANG_WARN_COMMA = YES;
				CLANG_WARN_CONSTANT_CONVERSION = YES;
				CLANG_WARN_DEPRECATED_OBJC_IMPLEMENTATIONS = YES;
				CLANG_WARN_DIRECT_OBJC_ISA_USAGE = YES_ERROR;
				CLANG_WARN_DOCUMENTATION_COMMENTS = YES;
				CLANG_WARN_EMPTY_BODY = YES;
				CLANG_WARN_ENUM_CONVERSION = YES;
				CLANG_WARN_INFINITE_RECURSION = YES;
				CLANG_WARN_INT_CONVERSION = YES;
				CLANG_WARN_NON_LITERAL_NULL_CONVERSION = YES;
				CLANG_WARN_OBJC_IMPLICIT_RETAIN_SELF = YES;
				CLANG_WARN_OBJC_LITERAL_CONVERSION = YES;
				CLANG_WARN_OBJC_ROOT_CLASS = YES_ERROR;
				CLANG_WARN_QUOTED_INCLUDE_IN_FRAMEWORK_HEADER = YES;
				CLANG_WARN_RANGE_LOOP_ANALYSIS = YES;
				CLANG_WARN_STRICT_PROTOTYPES = YES;
				CLANG_WARN_SUSPICIOUS_MOVE = YES;
				CLANG_WARN_UNGUARDED_AVAILABILITY = YES_AGGRESSIVE;
				CLANG_WARN_UNREACHABLE_CODE = YES;
				CLANG_WARN__DUPLICATE_METHOD_MATCH = YES;
				COPY_PHASE_STRIP = NO;
				DEBUG_INFORMATION_FORMAT = dwarf;
				ENABLE_STRICT_OBJC_MSGSEND = YES;
				ENABLE_TESTABILITY = YES;
				ENABLE_USER_SCRIPT_SANDBOXING = YES;
				GCC_C_LANGUAGE_STANDARD = gnu17;
				GCC_DYNAMIC_NO_PIC = NO;
				GCC_NO_COMMON_BLOCKS = YES;
				GCC_OPTIMIZATION_LEVEL = 0;
				GCC_PREPROCESSOR_DEFINITIONS = (
					"DEBUG=1",
					"$(inherited)",
				);
				GCC_WARN_64_TO_32_BIT_CONVERSION = YES;
				GCC_WARN_ABOUT_RETURN_TYPE = YES_ERROR;
				GCC_WARN_UNDECLARED_SELECTOR = YES;
				GCC_WARN_UNINITIALIZED_AUTOS = YES_AGGRESSIVE;
				GCC_WARN_UNUSED_FUNCTION = YES;
				GCC_WARN_UNUSED_VARIABLE = YES;
				IPHONEOS_DEPLOYMENT_TARGET = 17.0;
				LOCALIZATION_PREFERS_STRING_CATALOGS = YES;
				MTL_ENABLE_DEBUG_INFO = INCLUDE_SOURCE;
				MTL_FAST_MATH = YES;
				ONLY_ACTIVE_ARCH = YES;
				SDKROOT = iphoneos;
				SWIFT_ACTIVE_COMPILATION_CONDITIONS = "DEBUG $(inherited)";
				SWIFT_OPTIMIZATION_LEVEL = "-Onone";
			};
			name = Debug;
		};
		3627A6172AD59BC1009D3CE0 /* Release */ = {
			isa = XCBuildConfiguration;
			buildSettings = {
				ALWAYS_SEARCH_USER_PATHS = NO;
				ASSETCATALOG_COMPILER_GENERATE_SWIFT_ASSET_SYMBOL_EXTENSIONS = YES;
				CLANG_ANALYZER_NONNULL = YES;
				CLANG_ANALYZER_NUMBER_OBJECT_CONVERSION = YES_AGGRESSIVE;
				CLANG_CXX_LANGUAGE_STANDARD = "gnu++20";
				CLANG_ENABLE_MODULES = YES;
				CLANG_ENABLE_OBJC_ARC = YES;
				CLANG_ENABLE_OBJC_WEAK = YES;
				CLANG_WARN_BLOCK_CAPTURE_AUTORELEASING = YES;
				CLANG_WARN_BOOL_CONVERSION = YES;
				CLANG_WARN_COMMA = YES;
				CLANG_WARN_CONSTANT_CONVERSION = YES;
				CLANG_WARN_DEPRECATED_OBJC_IMPLEMENTATIONS = YES;
				CLANG_WARN_DIRECT_OBJC_ISA_USAGE = YES_ERROR;
				CLANG_WARN_DOCUMENTATION_COMMENTS = YES;
				CLANG_WARN_EMPTY_BODY = YES;
				CLANG_WARN_ENUM_CONVERSION = YES;
				CLANG_WARN_INFINITE_RECURSION = YES;
				CLANG_WARN_INT_CONVERSION = YES;
				CLANG_WARN_NON_LITERAL_NULL_CONVERSION = YES;
				CLANG_WARN_OBJC_IMPLICIT_RETAIN_SELF = YES;
				CLANG_WARN_OBJC_LITERAL_CONVERSION = YES;
				CLANG_WARN_OBJC_ROOT_CLASS = YES_ERROR;
				CLANG_WARN_QUOTED_INCLUDE_IN_FRAMEWORK_HEADER = YES;
				CLANG_WARN_RANGE_LOOP_ANALYSIS = YES;
				CLANG_WARN_STRICT_PROTOTYPES = YES;
				CLANG_WARN_SUSPICIOUS_MOVE = YES;
				CLANG_WARN_UNGUARDED_AVAILABILITY = YES_AGGRESSIVE;
				CLANG_WARN_UNREACHABLE_CODE = YES;
				CLANG_WARN__DUPLICATE_METHOD_MATCH = YES;
				COPY_PHASE_STRIP = NO;
				DEBUG_INFORMATION_FORMAT = "dwarf-with-dsym";
				ENABLE_NS_ASSERTIONS = NO;
				ENABLE_STRICT_OBJC_MSGSEND = YES;
				ENABLE_USER_SCRIPT_SANDBOXING = YES;
				GCC_C_LANGUAGE_STANDARD = gnu17;
				GCC_NO_COMMON_BLOCKS = YES;
				GCC_WARN_64_TO_32_BIT_CONVERSION = YES;
				GCC_WARN_ABOUT_RETURN_TYPE = YES_ERROR;
				GCC_WARN_UNDECLARED_SELECTOR = YES;
				GCC_WARN_UNINITIALIZED_AUTOS = YES_AGGRESSIVE;
				GCC_WARN_UNUSED_FUNCTION = YES;
				GCC_WARN_UNUSED_VARIABLE = YES;
				IPHONEOS_DEPLOYMENT_TARGET = 17.0;
				LOCALIZATION_PREFERS_STRING_CATALOGS = YES;
				MTL_ENABLE_DEBUG_INFO = NO;
				MTL_FAST_MATH = YES;
				SDKROOT = iphoneos;
				SWIFT_COMPILATION_MODE = wholemodule;
				VALIDATE_PRODUCT = YES;
			};
			name = Release;
		};
		3627A6192AD59BC1009D3CE0 /* Debug */ = {
			isa = XCBuildConfiguration;
			buildSettings = {
				ASSETCATALOG_COMPILER_APPICON_NAME = AppIcon;
				ASSETCATALOG_COMPILER_GLOBAL_ACCENT_COLOR_NAME = AccentColor;
				CODE_SIGN_STYLE = Automatic;
				CURRENT_PROJECT_VERSION = 1;
				GENERATE_INFOPLIST_FILE = YES;
				INFOPLIST_FILE = "bmi calculator/Info.plist";
				INFOPLIST_KEY_UIApplicationSupportsIndirectInputEvents = YES;
				INFOPLIST_KEY_UILaunchStoryboardName = LaunchScreen;
				INFOPLIST_KEY_UIMainStoryboardFile = Main;
				INFOPLIST_KEY_UISupportedInterfaceOrientations_iPad = "UIInterfaceOrientationPortrait UIInterfaceOrientationPortraitUpsideDown UIInterfaceOrientationLandscapeLeft UIInterfaceOrientationLandscapeRight";
				INFOPLIST_KEY_UISupportedInterfaceOrientations_iPhone = "UIInterfaceOrientationPortrait UIInterfaceOrientationLandscapeLeft UIInterfaceOrientationLandscapeRight";
				LD_RUNPATH_SEARCH_PATHS = (
					"$(inherited)",
					"@executable_path/Frameworks",
				);
				MARKETING_VERSION = 1.0;
				PRODUCT_BUNDLE_IDENTIFIER = "com.selsabil.bmi-calculator";
				PRODUCT_NAME = "$(TARGET_NAME)";
				SWIFT_EMIT_LOC_STRINGS = YES;
				SWIFT_VERSION = 5.0;
				TARGETED_DEVICE_FAMILY = "1,2";
			};
			name = Debug;
		};
		3627A61A2AD59BC1009D3CE0 /* Release */ = {
			isa = XCBuildConfiguration;
			buildSettings = {
				ASSETCATALOG_COMPILER_APPICON_NAME = AppIcon;
				ASSETCATALOG_COMPILER_GLOBAL_ACCENT_COLOR_NAME = AccentColor;
				CODE_SIGN_STYLE = Automatic;
				CURRENT_PROJECT_VERSION = 1;
				GENERATE_INFOPLIST_FILE = YES;
				INFOPLIST_FILE = "bmi calculator/Info.plist";
				INFOPLIST_KEY_UIApplicationSupportsIndirectInputEvents = YES;
				INFOPLIST_KEY_UILaunchStoryboardName = LaunchScreen;
				INFOPLIST_KEY_UIMainStoryboardFile = Main;
				INFOPLIST_KEY_UISupportedInterfaceOrientations_iPad = "UIInterfaceOrientationPortrait UIInterfaceOrientationPortraitUpsideDown UIInterfaceOrientationLandscapeLeft UIInterfaceOrientationLandscapeRight";
				INFOPLIST_KEY_UISupportedInterfaceOrientations_iPhone = "UIInterfaceOrientationPortrait UIInterfaceOrientationLandscapeLeft UIInterfaceOrientationLandscapeRight";
				LD_RUNPATH_SEARCH_PATHS = (
					"$(inherited)",
					"@executable_path/Frameworks",
				);
				MARKETING_VERSION = 1.0;
				PRODUCT_BUNDLE_IDENTIFIER = "com.selsabil.bmi-calculator";
				PRODUCT_NAME = "$(TARGET_NAME)";
				SWIFT_EMIT_LOC_STRINGS = YES;
				SWIFT_VERSION = 5.0;
				TARGETED_DEVICE_FAMILY = "1,2";
			};
			name = Release;
		};
		3627A61C2AD59BC1009D3CE0 /* Debug */ = {
			isa = XCBuildConfiguration;
			buildSettings = {
				ALWAYS_EMBED_SWIFT_STANDARD_LIBRARIES = YES;
				BUNDLE_LOADER = "$(TEST_HOST)";
				CODE_SIGN_STYLE = Automatic;
				CURRENT_PROJECT_VERSION = 1;
				GENERATE_INFOPLIST_FILE = YES;
				IPHONEOS_DEPLOYMENT_TARGET = 17.0;
				MARKETING_VERSION = 1.0;
				PRODUCT_BUNDLE_IDENTIFIER = "com.selsabil.bmi-calculatorTests";
				PRODUCT_NAME = "$(TARGET_NAME)";
				SWIFT_EMIT_LOC_STRINGS = NO;
				SWIFT_VERSION = 5.0;
				TARGETED_DEVICE_FAMILY = "1,2";
				TEST_HOST = "$(BUILT_PRODUCTS_DIR)/bmi calculator.app/$(BUNDLE_EXECUTABLE_FOLDER_PATH)/bmi calculator";
			};
			name = Debug;
		};
		3627A61D2AD59BC1009D3CE0 /* Release */ = {
			isa = XCBuildConfiguration;
			buildSettings = {
				ALWAYS_EMBED_SWIFT_STANDARD_LIBRARIES = YES;
				BUNDLE_LOADER = "$(TEST_HOST)";
				CODE_SIGN_STYLE = Automatic;
				CURRENT_PROJECT_VERSION = 1;
				GENERATE_INFOPLIST_FILE = YES;
				IPHONEOS_DEPLOYMENT_TARGET = 17.0;
				MARKETING_VERSION = 1.0;
				PRODUCT_BUNDLE_IDENTIFIER = "com.selsabil.bmi-calculatorTests";
				PRODUCT_NAME = "$(TARGET_NAME)";
				SWIFT_EMIT_LOC_STRINGS = NO;
				SWIFT_VERSION = 5.0;
				TARGETED_DEVICE_FAMILY = "1,2";
				TEST_HOST = "$(BUILT_PRODUCTS_DIR)/bmi calculator.app/$(BUNDLE_EXECUTABLE_FOLDER_PATH)/bmi calculator";
			};
			name = Release;
		};
		3627A61F2AD59BC1009D3CE0 /* Debug */ = {
			isa = XCBuildConfiguration;
			buildSettings = {
				ALWAYS_EMBED_SWIFT_STANDARD_LIBRARIES = YES;
				CODE_SIGN_STYLE = Automatic;
				CURRENT_PROJECT_VERSION = 1;
				GENERATE_INFOPLIST_FILE = YES;
				MARKETING_VERSION = 1.0;
				PRODUCT_BUNDLE_IDENTIFIER = "com.selsabil.bmi-calculatorUITests";
				PRODUCT_NAME = "$(TARGET_NAME)";
				SWIFT_EMIT_LOC_STRINGS = NO;
				SWIFT_VERSION = 5.0;
				TARGETED_DEVICE_FAMILY = "1,2";
				TEST_TARGET_NAME = "bmi calculator";
			};
			name = Debug;
		};
		3627A6202AD59BC1009D3CE0 /* Release */ = {
			isa = XCBuildConfiguration;
			buildSettings = {
				ALWAYS_EMBED_SWIFT_STANDARD_LIBRARIES = YES;
				CODE_SIGN_STYLE = Automatic;
				CURRENT_PROJECT_VERSION = 1;
				GENERATE_INFOPLIST_FILE = YES;
				MARKETING_VERSION = 1.0;
				PRODUCT_BUNDLE_IDENTIFIER = "com.selsabil.bmi-calculatorUITests";
				PRODUCT_NAME = "$(TARGET_NAME)";
				SWIFT_EMIT_LOC_STRINGS = NO;
				SWIFT_VERSION = 5.0;
				TARGETED_DEVICE_FAMILY = "1,2";
				TEST_TARGET_NAME = "bmi calculator";
			};
			name = Release;
		};
/* End XCBuildConfiguration section */

/* Begin XCConfigurationList section */
		3627A5E92AD59BBA009D3CE0 /* Build configuration list for PBXProject "bmi calculator" */ = {
			isa = XCConfigurationList;
			buildConfigurations = (
				3627A6162AD59BC1009D3CE0 /* Debug */,
				3627A6172AD59BC1009D3CE0 /* Release */,
			);
			defaultConfigurationIsVisible = 0;
			defaultConfigurationName = Release;
		};
		3627A6182AD59BC1009D3CE0 /* Build configuration list for PBXNativeTarget "bmi calculator" */ = {
			isa = XCConfigurationList;
			buildConfigurations = (
				3627A6192AD59BC1009D3CE0 /* Debug */,
				3627A61A2AD59BC1009D3CE0 /* Release */,
			);
			defaultConfigurationIsVisible = 0;
			defaultConfigurationName = Release;
		};
		3627A61B2AD59BC1009D3CE0 /* Build configuration list for PBXNativeTarget "bmi calculatorTests" */ = {
			isa = XCConfigurationList;
			buildConfigurations = (
				3627A61C2AD59BC1009D3CE0 /* Debug */,
				3627A61D2AD59BC1009D3CE0 /* Release */,
			);
			defaultConfigurationIsVisible = 0;
			defaultConfigurationName = Release;
		};
		3627A61E2AD59BC1009D3CE0 /* Build configuration list for PBXNativeTarget "bmi calculatorUITests" */ = {
			isa = XCConfigurationList;
			buildConfigurations = (
				3627A61F2AD59BC1009D3CE0 /* Debug */,
				3627A6202AD59BC1009D3CE0 /* Release */,
			);
			defaultConfigurationIsVisible = 0;
			defaultConfigurationName = Release;
		};
/* End XCConfigurationList section */
	};
	rootObject = 3627A5E62AD59BBA009D3CE0 /* Project object */;
}
